
Microsoft Visual Studio Solution File, Format Version 12.00
# Visual Studio Version 17
VisualStudioVersion = 17.9.34407.89
MinimumVisualStudioVersion = 10.0.40219.1
Project("{FAE04EC0-301F-11D3-BF4B-00C04F79EFBC}") = "EmptyBlazorApp1", "EmptyBlazorApp1\EmptyBlazorApp1.csproj", "{6DEBCCE3-33E0-49B1-8119-E47A514D893C}"
EndProject
Global
	GlobalSection(SolutionConfigurationPlatforms) = preSolution
		Debug|Any CPU = Debug|Any CPU
		Release|Any CPU = Release|Any CPU
	EndGlobalSection
	GlobalSection(ProjectConfigurationPlatforms) = postSolution
		{6DEBCCE3-33E0-49B1-8119-E47A514D893C}.Debug|Any CPU.ActiveCfg = Debug|Any CPU
		{6DEBCCE3-33E0-49B1-8119-E47A514D893C}.Debug|Any CPU.Build.0 = Debug|Any CPU
		{6DEBCCE3-33E0-49B1-8119-E47A514D893C}.Release|Any CPU.ActiveCfg = Release|Any CPU
		{6DEBCCE3-33E0-49B1-8119-E47A514D893C}.Release|Any CPU.Build.0 = Release|Any CPU
	EndGlobalSection
	GlobalSection(SolutionProperties) = preSolution
		HideSolutionNode = FALSE
	EndGlobalSection
	GlobalSection(ExtensibilityGlobals) = postSolution
		SolutionGuid = {0A25D187-665B-4C19-B757-89A3CF43F6B4}
	EndGlobalSection
EndGlobal
